
Microsoft Visual Studio Solution File, Format Version 12.00
# Visual Studio Version 17
VisualStudioVersion = 17.14.36616.10 d17.14
MinimumVisualStudioVersion = 10.0.40219.1
Project("{FAE04EC0-301F-11D3-BF4B-00C04F79EFBC}") = "API.W.movies", "API.W.movies\API.W.movies.csproj", "{CDA38074-EF43-48A6-B9F6-A0A227E2706E}"
EndProject
Global
	GlobalSection(SolutionConfigurationPlatforms) = preSolution
		Debug|Any CPU = Debug|Any CPU
		Release|Any CPU = Release|Any CPU
	EndGlobalSection
	GlobalSection(ProjectConfigurationPlatforms) = postSolution
		{CDA38074-EF43-48A6-B9F6-A0A227E2706E}.Debug|Any CPU.ActiveCfg = Debug|Any CPU
		{CDA38074-EF43-48A6-B9F6-A0A227E2706E}.Debug|Any CPU.Build.0 = Debug|Any CPU
		{CDA38074-EF43-48A6-B9F6-A0A227E2706E}.Release|Any CPU.ActiveCfg = Release|Any CPU
		{CDA38074-EF43-48A6-B9F6-A0A227E2706E}.Release|Any CPU.Build.0 = Release|Any CPU
	EndGlobalSection
	GlobalSection(SolutionProperties) = preSolution
		HideSolutionNode = FALSE
	EndGlobalSection
	GlobalSection(ExtensibilityGlobals) = postSolution
		SolutionGuid = {115E5873-3406-4CCB-947A-69A904C22D6A}
	EndGlobalSection
EndGlobal
